
Microsoft Visual Studio Solution File, Format Version 12.00
# Visual Studio 15
VisualStudioVersion = 15.0.26124.0
MinimumVisualStudioVersion = 15.0.26124.0
Project("{FAE04EC0-301F-11D3-BF4B-00C04F79EFBC}") = "ToDo.Api", "ToDo.Api\ToDo.Api.csproj", "{48579BBD-2874-48DF-980B-B17403313A3A}"
EndProject
Project("{FAE04EC0-301F-11D3-BF4B-00C04F79EFBC}") = "ToDo.Client", "ToDo.Client\ToDo.Client.csproj", "{241F8233-8F3E-43CE-853E-FB23D10DFDA0}"
EndProject
Project("{FAE04EC0-301F-11D3-BF4B-00C04F79EFBC}") = "ToDo.DataLayer", "ToDo.DataLayer\ToDo.DataLayer.csproj", "{6770B05B-071D-4F33-A7BE-03244E7AD468}"
EndProject
Project("{FAE04EC0-301F-11D3-BF4B-00C04F79EFBC}") = "ToDo.Models", "ToDo.Models\ToDo.Models.csproj", "{0A0C26CE-1A0A-440C-A141-899F0972C9B1}"
EndProject
Global
	GlobalSection(SolutionConfigurationPlatforms) = preSolution
		Debug|Any CPU = Debug|Any CPU
		Debug|x64 = Debug|x64
		Debug|x86 = Debug|x86
		Release|Any CPU = Release|Any CPU
		Release|x64 = Release|x64
		Release|x86 = Release|x86
	EndGlobalSection
	GlobalSection(SolutionProperties) = preSolution
		HideSolutionNode = FALSE
	EndGlobalSection
	GlobalSection(ProjectConfigurationPlatforms) = postSolution
		{48579BBD-2874-48DF-980B-B17403313A3A}.Debug|Any CPU.ActiveCfg = Debug|Any CPU
		{48579BBD-2874-48DF-980B-B17403313A3A}.Debug|Any CPU.Build.0 = Debug|Any CPU
		{48579BBD-2874-48DF-980B-B17403313A3A}.Debug|x64.ActiveCfg = Debug|Any CPU
		{48579BBD-2874-48DF-980B-B17403313A3A}.Debug|x64.Build.0 = Debug|Any CPU
		{48579BBD-2874-48DF-980B-B17403313A3A}.Debug|x86.ActiveCfg = Debug|Any CPU
		{48579BBD-2874-48DF-980B-B17403313A3A}.Debug|x86.Build.0 = Debug|Any CPU
		{48579BBD-2874-48DF-980B-B17403313A3A}.Release|Any CPU.ActiveCfg = Release|Any CPU
		{48579BBD-2874-48DF-980B-B17403313A3A}.Release|Any CPU.Build.0 = Release|Any CPU
		{48579BBD-2874-48DF-980B-B17403313A3A}.Release|x64.ActiveCfg = Release|Any CPU
		{48579BBD-2874-48DF-980B-B17403313A3A}.Release|x64.Build.0 = Release|Any CPU
		{48579BBD-2874-48DF-980B-B17403313A3A}.Release|x86.ActiveCfg = Release|Any CPU
		{48579BBD-2874-48DF-980B-B17403313A3A}.Release|x86.Build.0 = Release|Any CPU
		{241F8233-8F3E-43CE-853E-FB23D10DFDA0}.Debug|Any CPU.ActiveCfg = Debug|Any CPU
		{241F8233-8F3E-43CE-853E-FB23D10DFDA0}.Debug|Any CPU.Build.0 = Debug|Any CPU
		{241F8233-8F3E-43CE-853E-FB23D10DFDA0}.Debug|x64.ActiveCfg = Debug|Any CPU
		{241F8233-8F3E-43CE-853E-FB23D10DFDA0}.Debug|x64.Build.0 = Debug|Any CPU
		{241F8233-8F3E-43CE-853E-FB23D10DFDA0}.Debug|x86.ActiveCfg = Debug|Any CPU
		{241F8233-8F3E-43CE-853E-FB23D10DFDA0}.Debug|x86.Build.0 = Debug|Any CPU
		{241F8233-8F3E-43CE-853E-FB23D10DFDA0}.Release|Any CPU.ActiveCfg = Release|Any CPU
		{241F8233-8F3E-43CE-853E-FB23D10DFDA0}.Release|Any CPU.Build.0 = Release|Any CPU
		{241F8233-8F3E-43CE-853E-FB23D10DFDA0}.Release|x64.ActiveCfg = Release|Any CPU
		{241F8233-8F3E-43CE-853E-FB23D10DFDA0}.Release|x64.Build.0 = Release|Any CPU
		{241F8233-8F3E-43CE-853E-FB23D10DFDA0}.Release|x86.ActiveCfg = Release|Any CPU
		{241F8233-8F3E-43CE-853E-FB23D10DFDA0}.Release|x86.Build.0 = Release|Any CPU
		{6770B05B-071D-4F33-A7BE-03244E7AD468}.Debug|Any CPU.ActiveCfg = Debug|Any CPU
		{6770B05B-071D-4F33-A7BE-03244E7AD468}.Debug|Any CPU.Build.0 = Debug|Any CPU
		{6770B05B-071D-4F33-A7BE-03244E7AD468}.Debug|x64.ActiveCfg = Debug|Any CPU
		{6770B05B-071D-4F33-A7BE-03244E7AD468}.Debug|x64.Build.0 = Debug|Any CPU
		{6770B05B-071D-4F33-A7BE-03244E7AD468}.Debug|x86.ActiveCfg = Debug|Any CPU
		{6770B05B-071D-4F33-A7BE-03244E7AD468}.Debug|x86.Build.0 = Debug|Any CPU
		{6770B05B-071D-4F33-A7BE-03244E7AD468}.Release|Any CPU.ActiveCfg = Release|Any CPU
		{6770B05B-071D-4F33-A7BE-03244E7AD468}.Release|Any CPU.Build.0 = Release|Any CPU
		{6770B05B-071D-4F33-A7BE-03244E7AD468}.Release|x64.ActiveCfg = Release|Any CPU
		{6770B05B-071D-4F33-A7BE-03244E7AD468}.Release|x64.Build.0 = Release|Any CPU
		{6770B05B-071D-4F33-A7BE-03244E7AD468}.Release|x86.ActiveCfg = Release|Any CPU
		{6770B05B-071D-4F33-A7BE-03244E7AD468}.Release|x86.Build.0 = Release|Any CPU
		{0A0C26CE-1A0A-440C-A141-899F0972C9B1}.Debug|Any CPU.ActiveCfg = Debug|Any CPU
		{0A0C26CE-1A0A-440C-A141-899F0972C9B1}.Debug|Any CPU.Build.0 = Debug|Any CPU
		{0A0C26CE-1A0A-440C-A141-899F0972C9B1}.Debug|x64.ActiveCfg = Debug|Any CPU
		{0A0C26CE-1A0A-440C-A141-899F0972C9B1}.Debug|x64.Build.0 = Debug|Any CPU
		{0A0C26CE-1A0A-440C-A141-899F0972C9B1}.Debug|x86.ActiveCfg = Debug|Any CPU
		{0A0C26CE-1A0A-440C-A141-899F0972C9B1}.Debug|x86.Build.0 = Debug|Any CPU
		{0A0C26CE-1A0A-440C-A141-899F0972C9B1}.Release|Any CPU.ActiveCfg = Release|Any CPU
		{0A0C26CE-1A0A-440C-A141-899F0972C9B1}.Release|Any CPU.Build.0 = Release|Any CPU
		{0A0C26CE-1A0A-440C-A141-899F0972C9B1}.Release|x64.ActiveCfg = Release|Any CPU
		{0A0C26CE-1A0A-440C-A141-899F0972C9B1}.Release|x64.Build.0 = Release|Any CPU
		{0A0C26CE-1A0A-440C-A141-899F0972C9B1}.Release|x86.ActiveCfg = Release|Any CPU
		{0A0C26CE-1A0A-440C-A141-899F0972C9B1}.Release|x86.Build.0 = Release|Any CPU
	EndGlobalSection
EndGlobal
